{
  "name": "timer.cubing.net",
  "version": "3.0.0-pre1",
  "lockfileVersion": 2,
  "requires": true,
  "packages": {
    "": {
      "name": "timer.cubing.net",
      "version": "3.0.0-pre1",
      "license": "GPL-3.0-or-later",
      "dependencies": {
        "cubing": "^0.26.3",
        "timer-db": "^0.1.0-pre2"
      },
      "devDependencies": {
        "barely-a-dev-server": "^0.2.6"
      }
    },
    "node_modules/@collectable/core": {
      "version": "5.0.1",
      "resolved": "https://registry.npmjs.org/@collectable/core/-/core-5.0.1.tgz",
      "integrity": "sha1-826kZ2sx1hloG/roEFxBFMIFZj0=",
      "dependencies": {
        "@frptools/corelib": "^1.1.0",
        "@frptools/structural": "^1.0.0"
      }
    },
    "node_modules/@collectable/red-black-tree": {
      "version": "5.1.1",
      "resolved": "https://registry.npmjs.org/@collectable/red-black-tree/-/red-black-tree-5.1.1.tgz",
      "integrity": "sha512-xAjh0RKBIcXachRTMCySskheqKfRFn+zuW3SUCqeg4roj00w/3kPeEKor6fHHrcIfk/QAiyVAL8oMkpItr8nzQ==",
      "dependencies": {
        "@collectable/core": "^5.0.1"
      }
    },
    "node_modules/@frptools/corelib": {
      "version": "1.1.1",
      "resolved": "https://registry.npmjs.org/@frptools/corelib/-/corelib-1.1.1.tgz",
      "integrity": "sha512-gOIC237EXD0dv37echeD8KJDUY6t2pNBRDkozgbtHdsYQBrWdlsoTLbCP2JqeTMN/dbjcNyJb0zi3PBOjx4OKQ==",
      "dependencies": {
        "date-fns": "^1.28.5",
        "glob": "^7.1.2",
        "uuid": "^3.1.0"
      }
    },
    "node_modules/@frptools/structural": {
      "version": "1.0.2",
      "resolved": "https://registry.npmjs.org/@frptools/structural/-/structural-1.0.2.tgz",
      "integrity": "sha512-7p27N6rihBvvpy730jzET0y2w+m98uVtP5xaqxqtRsY68z4hbp4g76B7pkWkGvE0Ns1jc8Lf/yMj+9Hn1KRXeQ==",
      "dependencies": {
        "@frptools/corelib": "^1.1.1"
      }
    },
    "node_modules/@types/three": {
      "version": "0.137.0",
      "resolved": "https://registry.npmjs.org/@types/three/-/three-0.137.0.tgz",
      "integrity": "sha512-Xc5EAlfYmgrCLI/VlSVqiRJAtzhWF0Rw2jSq48nqJy+Hcb5sfDOXyfZn1+RNcHyi9l8CeCAXCZygO8IyeOJVEA=="
    },
    "node_modules/@types/web-bluetooth": {
      "version": "0.0.12",
      "resolved": "https://registry.npmjs.org/@types/web-bluetooth/-/web-bluetooth-0.0.12.tgz",
      "integrity": "sha512-Q4sUrowpylCOWjUWFtNwkNBHQUnCL8y44Iq2ZLtVMAuAGIwPSXa3kqIvu2LwXoc2d1jyaaw4Bg354degHrsADw=="
    },
    "node_modules/abort-controller": {
      "version": "3.0.0",
      "resolved": "https://registry.npmjs.org/abort-controller/-/abort-controller-3.0.0.tgz",
      "integrity": "sha512-h8lQ8tacZYnR3vNQTgibj+tODHI5/+l06Au2Pcriv/Gmet0eaj4TwWH41sO9wnHDiQsEj19q0drzdWdeAHtweg==",
      "dependencies": {
        "event-target-shim": "^5.0.0"
      },
      "engines": {
        "node": ">=6.5"
      }
    },
    "node_modules/argsarray": {
      "version": "0.0.1",
      "resolved": "https://registry.npmjs.org/argsarray/-/argsarray-0.0.1.tgz",
      "integrity": "sha512-u96dg2GcAKtpTrBdDoFIM7PjcBA+6rSP0OR94MOReNRyUECL6MtQt5XXmRr4qrftYaef9+l5hcpO5te7sML1Cg=="
    },
    "node_modules/balanced-match": {
      "version": "1.0.2",
      "resolved": "https://registry.npmjs.org/balanced-match/-/balanced-match-1.0.2.tgz",
      "integrity": "sha512-3oSeUO0TMV67hN1AmbXsK4yaqU7tjiHlbxRDZOpH0KW9+CeX4bRAaX0Anxt0tx2MrpRpWwQaPwIlISEJhYU5Pw=="
    },
    "node_modules/barely-a-dev-server": {
      "version": "0.2.6",
      "resolved": "https://registry.npmjs.org/barely-a-dev-server/-/barely-a-dev-server-0.2.6.tgz",
      "integrity": "sha512-FkV/88WVFNXbd4OGyS1Y38o615l+JbqGcU693ySr4vmoqHjj5HGKAz5lh0Gchvl3IKMvXUsvMPuxLOXLJIEthA==",
      "dev": true,
      "dependencies": {
        "esbuild": "^0.13.4"
      }
    },
    "node_modules/brace-expansion": {
      "version": "1.1.11",
      "resolved": "https://registry.npmjs.org/brace-expansion/-/brace-expansion-1.1.11.tgz",
      "integrity": "sha512-iCuPHDFgrHX7H2vEI/5xpz07zSHB00TpugqhmYtVmMO6518mCuRMoOYFldEBl0g187ufozdaHgWKcYFb61qGiA==",
      "dependencies": {
        "balanced-match": "^1.0.0",
        "concat-map": "0.0.1"
      }
    },
    "node_modules/buffer-from": {
      "version": "1.1.2",
      "resolved": "https://registry.npmjs.org/buffer-from/-/buffer-from-1.1.2.tgz",
      "integrity": "sha512-E+XQCRwSbaaiChtv6k6Dwgc+bx+Bs6vuKJHHl5kox/BaKbhiXzqQOwK4cO22yElGp2OCmjwVhT3HmxgyPGnJfQ=="
    },
    "node_modules/clone-buffer": {
      "version": "1.0.0",
      "resolved": "https://registry.npmjs.org/clone-buffer/-/clone-buffer-1.0.0.tgz",
      "integrity": "sha512-KLLTJWrvwIP+OPfMn0x2PheDEP20RPUcGXj/ERegTgdmPEZylALQldygiqrPPu8P45uNuPs7ckmReLY6v/iA5g==",
      "engines": {
        "node": ">= 0.10"
      }
    },
    "node_modules/comlink": {
      "version": "4.3.1",
      "resolved": "https://registry.npmjs.org/comlink/-/comlink-4.3.1.tgz",
      "integrity": "sha512-+YbhUdNrpBZggBAHWcgQMLPLH1KDF3wJpeqrCKieWQ8RL7atmgsgTQko1XEBK6PsecfopWNntopJ+ByYG1lRaA=="
    },
    "node_modules/concat-map": {
      "version": "0.0.1",
      "resolved": "https://registry.npmjs.org/concat-map/-/concat-map-0.0.1.tgz",
      "integrity": "sha1-2Klr13/Wjfd5OnMDajug1UBdR3s="
    },
    "node_modules/cubing": {
      "version": "0.26.3",
      "resolved": "https://registry.npmjs.org/cubing/-/cubing-0.26.3.tgz",
      "integrity": "sha512-uw/lDiUoBTpULhYOlneohpAlqdXRvII7ngzA99sDC0oKVuLv0JQ4nW5SdKPK/Op/jzAOU0P0NYA9WF0vyrhodQ==",
      "dependencies": {
        "@types/three": "^0.137.0",
        "@types/web-bluetooth": "^0.0.12",
        "comlink": "^4.3.1",
        "three": "^0.137.5"
      }
    },
    "node_modules/date-fns": {
      "version": "1.30.1",
      "resolved": "https://registry.npmjs.org/date-fns/-/date-fns-1.30.1.tgz",
      "integrity": "sha512-hBSVCvSmWC+QypYObzwGOd9wqdDpOt+0wl0KbU+R+uuZBS1jN8VsD1ss3irQDknRj5NvxiTF6oj/nDRnN/UQNw=="
    },
    "node_modules/esbuild": {
      "version": "0.13.15",
      "resolved": "https://registry.npmjs.org/esbuild/-/esbuild-0.13.15.tgz",
      "integrity": "sha512-raCxt02HBKv8RJxE8vkTSCXGIyKHdEdGfUmiYb8wnabnaEmHzyW7DCHb5tEN0xU8ryqg5xw54mcwnYkC4x3AIw==",
      "dev": true,
      "hasInstallScript": true,
      "bin": {
        "esbuild": "bin/esbuild"
      },
      "optionalDependencies": {
        "esbuild-android-arm64": "0.13.15",
        "esbuild-darwin-64": "0.13.15",
        "esbuild-darwin-arm64": "0.13.15",
        "esbuild-freebsd-64": "0.13.15",
        "esbuild-freebsd-arm64": "0.13.15",
        "esbuild-linux-32": "0.13.15",
        "esbuild-linux-64": "0.13.15",
        "esbuild-linux-arm": "0.13.15",
        "esbuild-linux-arm64": "0.13.15",
        "esbuild-linux-mips64le": "0.13.15",
        "esbuild-linux-ppc64le": "0.13.15",
        "esbuild-netbsd-64": "0.13.15",
        "esbuild-openbsd-64": "0.13.15",
        "esbuild-sunos-64": "0.13.15",
        "esbuild-windows-32": "0.13.15",
        "esbuild-windows-64": "0.13.15",
        "esbuild-windows-arm64": "0.13.15"
      }
    },
    "node_modules/esbuild-android-arm64": {
      "version": "0.13.15",
      "resolved": "https://registry.npmjs.org/esbuild-android-arm64/-/esbuild-android-arm64-0.13.15.tgz",
      "integrity": "sha512-m602nft/XXeO8YQPUDVoHfjyRVPdPgjyyXOxZ44MK/agewFFkPa8tUo6lAzSWh5Ui5PB4KR9UIFTSBKh/RrCmg==",
      "cpu": [
        "arm64"
      ],
      "dev": true,
      "optional": true,
      "os": [
        "android"
      ]
    },
    "node_modules/esbuild-darwin-64": {
      "version": "0.13.15",
      "resolved": "https://registry.npmjs.org/esbuild-darwin-64/-/esbuild-darwin-64-0.13.15.tgz",
      "integrity": "sha512-ihOQRGs2yyp7t5bArCwnvn2Atr6X4axqPpEdCFPVp7iUj4cVSdisgvEKdNR7yH3JDjW6aQDw40iQFoTqejqxvQ==",
      "cpu": [
        "x64"
      ],
      "dev": true,
      "optional": true,
      "os": [
        "darwin"
      ]
    },
    "node_modules/esbuild-darwin-arm64": {
      "version": "0.13.15",
      "resolved": "https://registry.npmjs.org/esbuild-darwin-arm64/-/esbuild-darwin-arm64-0.13.15.tgz",
      "integrity": "sha512-i1FZssTVxUqNlJ6cBTj5YQj4imWy3m49RZRnHhLpefFIh0To05ow9DTrXROTE1urGTQCloFUXTX8QfGJy1P8dQ==",
      "cpu": [
        "arm64"
      ],
      "dev": true,
      "optional": true,
      "os": [
        "darwin"
      ]
    },
    "node_modules/esbuild-freebsd-64": {
      "version": "0.13.15",
      "resolved": "https://registry.npmjs.org/esbuild-freebsd-64/-/esbuild-freebsd-64-0.13.15.tgz",
      "integrity": "sha512-G3dLBXUI6lC6Z09/x+WtXBXbOYQZ0E8TDBqvn7aMaOCzryJs8LyVXKY4CPnHFXZAbSwkCbqiPuSQ1+HhrNk7EA==",
      "cpu": [
        "x64"
      ],
      "dev": true,
      "optional": true,
      "os": [
        "freebsd"
      ]
    },
    "node_modules/esbuild-freebsd-arm64": {
      "version": "0.13.15",
      "resolved": "https://registry.npmjs.org/esbuild-freebsd-arm64/-/esbuild-freebsd-arm64-0.13.15.tgz",
      "integrity": "sha512-KJx0fzEDf1uhNOZQStV4ujg30WlnwqUASaGSFPhznLM/bbheu9HhqZ6mJJZM32lkyfGJikw0jg7v3S0oAvtvQQ==",
      "cpu": [
        "arm64"
      ],
      "dev": true,
      "optional": true,
      "os": [
        "freebsd"
      ]
    },
    "node_modules/esbuild-linux-32": {
      "version": "0.13.15",
      "resolved": "https://registry.npmjs.org/esbuild-linux-32/-/esbuild-linux-32-0.13.15.tgz",
      "integrity": "sha512-ZvTBPk0YWCLMCXiFmD5EUtB30zIPvC5Itxz0mdTu/xZBbbHJftQgLWY49wEPSn2T/TxahYCRDWun5smRa0Tu+g==",
      "cpu": [
        "ia32"
      ],
      "dev": true,
      "optional": true,
      "os": [
        "linux"
      ]
    },
    "node_modules/esbuild-linux-64": {
      "version": "0.13.15",
      "resolved": "https://registry.npmjs.org/esbuild-linux-64/-/esbuild-linux-64-0.13.15.tgz",
      "integrity": "sha512-eCKzkNSLywNeQTRBxJRQ0jxRCl2YWdMB3+PkWFo2BBQYC5mISLIVIjThNtn6HUNqua1pnvgP5xX0nHbZbPj5oA==",
      "cpu": [
        "x64"
      ],
      "dev": true,
      "optional": true,
      "os": [
        "linux"
      ]
    },
    "node_modules/esbuild-linux-arm": {
      "version": "0.13.15",
      "resolved": "https://registry.npmjs.org/esbuild-linux-arm/-/esbuild-linux-arm-0.13.15.tgz",
      "integrity": "sha512-wUHttDi/ol0tD8ZgUMDH8Ef7IbDX+/UsWJOXaAyTdkT7Yy9ZBqPg8bgB/Dn3CZ9SBpNieozrPRHm0BGww7W/jA==",
      "cpu": [
        "arm"
      ],
      "dev": true,
      "optional": true,
      "os": [
        "linux"
      ]
    },
    "node_modules/esbuild-linux-arm64": {
      "version": "0.13.15",
      "resolved": "https://registry.npmjs.org/esbuild-linux-arm64/-/esbuild-linux-arm64-0.13.15.tgz",
      "integrity": "sha512-bYpuUlN6qYU9slzr/ltyLTR9YTBS7qUDymO8SV7kjeNext61OdmqFAzuVZom+OLW1HPHseBfJ/JfdSlx8oTUoA==",
      "cpu": [
        "arm64"
      ],
      "dev": true,
      "optional": true,
      "os": [
        "linux"
      ]
    },
    "node_modules/esbuild-linux-mips64le": {
      "version": "0.13.15",
      "resolved": "https://registry.npmjs.org/esbuild-linux-mips64le/-/esbuild-linux-mips64le-0.13.15.tgz",
      "integrity": "sha512-KlVjIG828uFPyJkO/8gKwy9RbXhCEUeFsCGOJBepUlpa7G8/SeZgncUEz/tOOUJTcWMTmFMtdd3GElGyAtbSWg==",
      "cpu": [
        "mips64el"
      ],
      "dev": true,
      "optional": true,
      "os": [
        "linux"
      ]
    },
    "node_modules/esbuild-linux-ppc64le": {
      "version": "0.13.15",
      "resolved": "https://registry.npmjs.org/esbuild-linux-ppc64le/-/esbuild-linux-ppc64le-0.13.15.tgz",
      "integrity": "sha512-h6gYF+OsaqEuBjeesTBtUPw0bmiDu7eAeuc2OEH9S6mV9/jPhPdhOWzdeshb0BskRZxPhxPOjqZ+/OqLcxQwEQ==",
      "cpu": [
        "ppc64"
      ],
      "dev": true,
      "optional": true,
      "os": [
        "linux"
      ]
    },
    "node_modules/esbuild-netbsd-64": {
      "version": "0.13.15",
      "resolved": "https://registry.npmjs.org/esbuild-netbsd-64/-/esbuild-netbsd-64-0.13.15.tgz",
      "integrity": "sha512-3+yE9emwoevLMyvu+iR3rsa+Xwhie7ZEHMGDQ6dkqP/ndFzRHkobHUKTe+NCApSqG5ce2z4rFu+NX/UHnxlh3w==",
      "cpu": [
        "x64"
      ],
      "dev": true,
      "optional": true,
      "os": [
        "netbsd"
      ]
    },
    "node_modules/esbuild-openbsd-64": {
      "version": "0.13.15",
      "resolved": "https://registry.npmjs.org/esbuild-openbsd-64/-/esbuild-openbsd-64-0.13.15.tgz",
      "integrity": "sha512-wTfvtwYJYAFL1fSs8yHIdf5GEE4NkbtbXtjLWjM3Cw8mmQKqsg8kTiqJ9NJQe5NX/5Qlo7Xd9r1yKMMkHllp5g==",
      "cpu": [
        "x64"
      ],
      "dev": true,
      "optional": true,
      "os": [
        "openbsd"
      ]
    },
    "node_modules/esbuild-sunos-64": {
      "version": "0.13.15",
      "resolved": "https://registry.npmjs.org/esbuild-sunos-64/-/esbuild-sunos-64-0.13.15.tgz",
      "integrity": "sha512-lbivT9Bx3t1iWWrSnGyBP9ODriEvWDRiweAs69vI+miJoeKwHWOComSRukttbuzjZ8r1q0mQJ8Z7yUsDJ3hKdw==",
      "cpu": [
        "x64"
      ],
      "dev": true,
      "optional": true,
      "os": [
        "sunos"
      ]
    },
    "node_modules/esbuild-windows-32": {
      "version": "0.13.15",
      "resolved": "https://registry.npmjs.org/esbuild-windows-32/-/esbuild-windows-32-0.13.15.tgz",
      "integrity": "sha512-fDMEf2g3SsJ599MBr50cY5ve5lP1wyVwTe6aLJsM01KtxyKkB4UT+fc5MXQFn3RLrAIAZOG+tHC+yXObpSn7Nw==",
      "cpu": [
        "ia32"
      ],
      "dev": true,
      "optional": true,
      "os": [
        "win32"
      ]
    },
    "node_modules/esbuild-windows-64": {
      "version": "0.13.15",
      "resolved": "https://registry.npmjs.org/esbuild-windows-64/-/esbuild-windows-64-0.13.15.tgz",
      "integrity": "sha512-9aMsPRGDWCd3bGjUIKG/ZOJPKsiztlxl/Q3C1XDswO6eNX/Jtwu4M+jb6YDH9hRSUflQWX0XKAfWzgy5Wk54JQ==",
      "cpu": [
        "x64"
      ],
      "dev": true,
      "optional": true,
      "os": [
        "win32"
      ]
    },
    "node_modules/esbuild-windows-arm64": {
      "version": "0.13.15",
      "resolved": "https://registry.npmjs.org/esbuild-windows-arm64/-/esbuild-windows-arm64-0.13.15.tgz",
      "integrity": "sha512-zzvyCVVpbwQQATaf3IG8mu1IwGEiDxKkYUdA4FpoCHi1KtPa13jeScYDjlW0Qh+ebWzpKfR2ZwvqAQkSWNcKjA==",
      "cpu": [
        "arm64"
      ],
      "dev": true,
      "optional": true,
      "os": [
        "win32"
      ]
    },
    "node_modules/event-target-shim": {
      "version": "5.0.1",
      "resolved": "https://registry.npmjs.org/event-target-shim/-/event-target-shim-5.0.1.tgz",
      "integrity": "sha512-i/2XbnSz/uxRCU6+NdVJgKWDTM427+MqYbkQzD321DuCQJUqOuJKIA0IM2+W2xtYHdKOmZ4dR6fExsd4SXL+WQ==",
      "engines": {
        "node": ">=6"
      }
    },
    "node_modules/events": {
      "version": "3.3.0",
      "resolved": "https://registry.npmjs.org/events/-/events-3.3.0.tgz",
      "integrity": "sha512-mQw+2fkQbALzQ7V0MY0IqdnXNOeTtP4r0lN9z7AAawCXgqea7bDii20AYrIBrFd/Hx0M2Ocz6S111CaFkUcb0Q==",
      "engines": {
        "node": ">=0.8.x"
      }
    },
    "node_modules/fetch-cookie": {
      "version": "0.11.0",
      "resolved": "https://registry.npmjs.org/fetch-cookie/-/fetch-cookie-0.11.0.tgz",
      "integrity": "sha512-BQm7iZLFhMWFy5CZ/162sAGjBfdNWb7a8LEqqnzsHFhxT/X/SVj/z2t2nu3aJvjlbQkrAlTUApplPRjWyH4mhA==",
      "dependencies": {
        "tough-cookie": "^2.3.3 || ^3.0.1 || ^4.0.0"
      },
      "engines": {
        "node": ">=8"
      }
    },
    "node_modules/fs.realpath": {
      "version": "1.0.0",
      "resolved": "https://registry.npmjs.org/fs.realpath/-/fs.realpath-1.0.0.tgz",
      "integrity": "sha1-FQStJSMVjKpA20onh8sBQRmU6k8="
    },
    "node_modules/glob": {
      "version": "7.2.0",
      "resolved": "https://registry.npmjs.org/glob/-/glob-7.2.0.tgz",
      "integrity": "sha512-lmLf6gtyrPq8tTjSmrO94wBeQbFR3HbLHbuyD69wuyQkImp2hWqMGB47OX65FBkPffO641IP9jWa1z4ivqG26Q==",
      "dependencies": {
        "fs.realpath": "^1.0.0",
        "inflight": "^1.0.4",
        "inherits": "2",
        "minimatch": "^3.0.4",
        "once": "^1.3.0",
        "path-is-absolute": "^1.0.0"
      },
      "engines": {
        "node": "*"
      },
      "funding": {
        "url": "https://github.com/sponsors/isaacs"
      }
    },
    "node_modules/immediate": {
      "version": "3.3.0",
      "resolved": "https://registry.npmjs.org/immediate/-/immediate-3.3.0.tgz",
      "integrity": "sha512-HR7EVodfFUdQCTIeySw+WDRFJlPcLOJbXfwwZ7Oom6tjsvZ3bOkCDJHehQC3nxJrv7+f9XecwazynjU8e4Vw3Q=="
    },
    "node_modules/inflight": {
      "version": "1.0.6",
      "resolved": "https://registry.npmjs.org/inflight/-/inflight-1.0.6.tgz",
      "integrity": "sha1-Sb1jMdfQLQwJvJEKEHW6gWW1bfk=",
      "dependencies": {
        "once": "^1.3.0",
        "wrappy": "1"
      }
    },
    "node_modules/inherits": {
      "version": "2.0.4",
      "resolved": "https://registry.npmjs.org/inherits/-/inherits-2.0.4.tgz",
      "integrity": "sha512-k/vGaX4/Yla3WzyMCvTQOXYeIHvqOKtnqBduzTHpzpQZzAskKMhZ2K+EnBiSM9zGSoIFeMpXKxa4dYeZIQqewQ=="
    },
    "node_modules/minimatch": {
      "version": "3.0.4",
      "resolved": "https://registry.npmjs.org/minimatch/-/minimatch-3.0.4.tgz",
      "integrity": "sha512-yJHVQEhyqPLUTgt9B83PXu6W3rx4MvvHvSUvToogpwoGDOUQ+yDrR0HRot+yOCdCO7u4hX3pWft6kWBBcqh0UA==",
      "dependencies": {
        "brace-expansion": "^1.1.7"
      },
      "engines": {
        "node": "*"
      }
    },
    "node_modules/node-fetch": {
      "version": "2.6.7",
      "resolved": "https://registry.npmjs.org/node-fetch/-/node-fetch-2.6.7.tgz",
      "integrity": "sha512-ZjMPFEfVx5j+y2yF35Kzx5sF7kDzxuDj6ziH4FFbOp87zKDZNx8yExJIb05OGF4Nlt9IHFIMBkRl41VdvcNdbQ==",
      "dependencies": {
        "whatwg-url": "^5.0.0"
      },
      "engines": {
        "node": "4.x || >=6.0.0"
      },
      "peerDependencies": {
        "encoding": "^0.1.0"
      },
      "peerDependenciesMeta": {
        "encoding": {
          "optional": true
        }
      }
    },
    "node_modules/once": {
      "version": "1.4.0",
      "resolved": "https://registry.npmjs.org/once/-/once-1.4.0.tgz",
      "integrity": "sha1-WDsap3WWHUsROsF9nFC6753Xa9E=",
      "dependencies": {
        "wrappy": "1"
      }
    },
    "node_modules/path-is-absolute": {
      "version": "1.0.1",
      "resolved": "https://registry.npmjs.org/path-is-absolute/-/path-is-absolute-1.0.1.tgz",
      "integrity": "sha1-F0uSaHNVNP+8es5r9TpanhtcX18=",
      "engines": {
        "node": ">=0.10.0"
      }
    },
    "node_modules/pouchdb-abstract-mapreduce": {
      "version": "7.3.0",
      "resolved": "https://registry.npmjs.org/pouchdb-abstract-mapreduce/-/pouchdb-abstract-mapreduce-7.3.0.tgz",
      "integrity": "sha512-+2fVt3SDh7D776lIGbYZOsKX5js1aUyUw7iJaTGitxSdQ2ObWSTrr3SUrj5Qo1CkgPXwRM3Tdoq/53JYAa2qCA==",
      "dependencies": {
        "pouchdb-binary-utils": "7.3.0",
        "pouchdb-collate": "7.3.0",
        "pouchdb-collections": "7.3.0",
        "pouchdb-errors": "7.3.0",
        "pouchdb-fetch": "7.3.0",
        "pouchdb-mapreduce-utils": "7.3.0",
        "pouchdb-md5": "7.3.0",
        "pouchdb-utils": "7.3.0"
      }
    },
    "node_modules/pouchdb-binary-utils": {
      "version": "7.3.0",
      "resolved": "https://registry.npmjs.org/pouchdb-binary-utils/-/pouchdb-binary-utils-7.3.0.tgz",
      "integrity": "sha512-xvBH/XGHGcou2vkEzszJxkCc7YElfRUrkLUg51Jbdmh1mogLDUO0bU3Tj6TOIIJfRkQrU/HV+dDkMAhsil0amQ==",
      "dependencies": {
        "buffer-from": "1.1.2"
      }
    },
    "node_modules/pouchdb-collate": {
      "version": "7.3.0",
      "resolved": "https://registry.npmjs.org/pouchdb-collate/-/pouchdb-collate-7.3.0.tgz",
      "integrity": "sha512-ys7rXKtEr6cfghgUjknwFJiOkITebV6JmeTybJKCzMV0r2luXu0OoPQsKVpE/wbM/3F5LxfpbFKGFpPcfGMvTA=="
    },
    "node_modules/pouchdb-collections": {
      "version": "7.3.0",
      "resolved": "https://registry.npmjs.org/pouchdb-collections/-/pouchdb-collections-7.3.0.tgz",
      "integrity": "sha512-Xr54m2+fErShXn+qAT4xwqJ+8NwddNPeTMJT4z4k1sZsrwfHmZsWbsKAyGPMF04eQaaU+7DDRMciu2VzaBUXyg=="
    },
    "node_modules/pouchdb-errors": {
      "version": "7.3.0",
      "resolved": "https://registry.npmjs.org/pouchdb-errors/-/pouchdb-errors-7.3.0.tgz",
      "integrity": "sha512-dTBbIC1BbCy6J9W/Csg5xROgb3wJN3HpbgAJHHSEtAkb8oA45KZmU3ZwEpNhf0AfPuQm4XgW1936PvlDlGgJiw==",
      "dependencies": {
        "inherits": "2.0.4"
      }
    },
    "node_modules/pouchdb-fetch": {
      "version": "7.3.0",
      "resolved": "https://registry.npmjs.org/pouchdb-fetch/-/pouchdb-fetch-7.3.0.tgz",
      "integrity": "sha512-8/lcg8iMDG+GVs1dHNXA4ktJSEpH71dHU3xesMJ25tNQOqfAaaWrkfz9j71ZYDDkveLYE6UjUzl/sDacu2hSjw==",
      "dependencies": {
        "abort-controller": "3.0.0",
        "fetch-cookie": "0.11.0",
        "node-fetch": "2.6.7"
      }
    },
    "node_modules/pouchdb-find": {
      "version": "7.3.0",
      "resolved": "https://registry.npmjs.org/pouchdb-find/-/pouchdb-find-7.3.0.tgz",
      "integrity": "sha512-EwhnfyxCAkKf8PG4tfndTTygEmtuz+o1LiZkxfPrflfXA3m1jo1ithib0hwBYtEwEYWuZxH6B8pRZutbLoQCGA==",
      "dependencies": {
        "pouchdb-abstract-mapreduce": "7.3.0",
        "pouchdb-collate": "7.3.0",
        "pouchdb-errors": "7.3.0",
        "pouchdb-fetch": "7.3.0",
        "pouchdb-md5": "7.3.0",
        "pouchdb-selector-core": "7.3.0",
        "pouchdb-utils": "7.3.0"
      }
    },
    "node_modules/pouchdb-mapreduce-utils": {
      "version": "7.3.0",
      "resolved": "https://registry.npmjs.org/pouchdb-mapreduce-utils/-/pouchdb-mapreduce-utils-7.3.0.tgz",
      "integrity": "sha512-KDVSd+H2r+XWTrQfKWV71SknDDYRjYXoeWs0ZQl3xITHCcTl+fIgqyagg/XN+Zy/U9LeLPGMe2JdgPx9H8lJgw==",
      "dependencies": {
        "argsarray": "0.0.1",
        "inherits": "2.0.4",
        "pouchdb-collections": "7.3.0",
        "pouchdb-utils": "7.3.0"
      }
    },
    "node_modules/pouchdb-md5": {
      "version": "7.3.0",
      "resolved": "https://registry.npmjs.org/pouchdb-md5/-/pouchdb-md5-7.3.0.tgz",
      "integrity": "sha512-wL04QgoKyd/L/TV5gxgcvlEyCJiZoXCOEFJklTzkdza/kBQNJGPH7i0ZhKa7Sb+AvZYoWZHddf1Zgv7rBScHkA==",
      "dependencies": {
        "pouchdb-binary-utils": "7.3.0",
        "spark-md5": "3.0.2"
      }
    },
    "node_modules/pouchdb-selector-core": {
      "version": "7.3.0",
      "resolved": "https://registry.npmjs.org/pouchdb-selector-core/-/pouchdb-selector-core-7.3.0.tgz",
      "integrity": "sha512-sK/cCrIGeL9ImcMhKGcwa54+bzX7Wv4hhVV+oUW3T1Nasaoxh+Muem1GuA+x1+SbTCE8y37rUg8i6DIOhX51ew==",
      "dependencies": {
        "pouchdb-collate": "7.3.0",
        "pouchdb-utils": "7.3.0"
      }
    },
    "node_modules/pouchdb-utils": {
      "version": "7.3.0",
      "resolved": "https://registry.npmjs.org/pouchdb-utils/-/pouchdb-utils-7.3.0.tgz",
      "integrity": "sha512-HH+5IXXWn/ZgVCSnrlydBMYn6MabT7RS7SNoo9w8qVH9efpZSp3eLchw6yMQNLw8LQefWmbbskiHV9VgJmSVWQ==",
      "dependencies": {
        "argsarray": "0.0.1",
        "clone-buffer": "1.0.0",
        "immediate": "3.3.0",
        "inherits": "2.0.4",
        "pouchdb-collections": "7.3.0",
        "pouchdb-errors": "7.3.0",
        "pouchdb-md5": "7.3.0",
        "uuid": "8.3.2"
      }
    },
    "node_modules/pouchdb-utils/node_modules/uuid": {
      "version": "8.3.2",
      "resolved": "https://registry.npmjs.org/uuid/-/uuid-8.3.2.tgz",
      "integrity": "sha512-+NYs2QeMWy+GWFOEm9xnn6HCDp0l7QBD7ml8zLUmJ+93Q5NF0NocErnwkTkXVFNiX3/fpC6afS8Dhb/gz7R7eg==",
      "bin": {
        "uuid": "dist/bin/uuid"
      }
    },
    "node_modules/psl": {
      "version": "1.8.0",
      "resolved": "https://registry.npmjs.org/psl/-/psl-1.8.0.tgz",
      "integrity": "sha512-RIdOzyoavK+hA18OGGWDqUTsCLhtA7IcZ/6NCs4fFJaHBDab+pDDmDIByWFRQJq2Cd7r1OoQxBGKOaztq+hjIQ=="
    },
    "node_modules/punycode": {
      "version": "2.1.1",
      "resolved": "https://registry.npmjs.org/punycode/-/punycode-2.1.1.tgz",
      "integrity": "sha512-XRsRjdf+j5ml+y/6GKHPZbrF/8p2Yga0JPtdqTIY2Xe5ohJPD9saDJJLPvp9+NSBprVvevdXZybnj2cv8OEd0A==",
      "engines": {
        "node": ">=6"
      }
    },
    "node_modules/spark-md5": {
      "version": "3.0.2",
      "resolved": "https://registry.npmjs.org/spark-md5/-/spark-md5-3.0.2.tgz",
      "integrity": "sha512-wcFzz9cDfbuqe0FZzfi2or1sgyIrsDwmPwfZC4hiNidPdPINjeUwNfv5kldczoEAcjl9Y1L3SM7Uz2PUEQzxQw=="
    },
    "node_modules/three": {
      "version": "0.137.5",
      "resolved": "https://registry.npmjs.org/three/-/three-0.137.5.tgz",
      "integrity": "sha512-rTyr+HDFxjnN8+N/guZjDgfVxgHptZQpf6xfL/Mo7a5JYIFwK6tAq3bzxYYB4Ae0RosDZlDuP+X5aXDXz+XnHQ=="
    },
    "node_modules/timer-db": {
      "version": "0.1.0-pre2",
      "resolved": "https://registry.npmjs.org/timer-db/-/timer-db-0.1.0-pre2.tgz",
      "integrity": "sha512-uJH64SGoqzvSoVLR6oG3yHT21ygGPJkAJiHyUaEXh+paYMeBDj4cUOlrnuaINeiJVTqg4OQItliE3QBe+k9Ydg==",
      "dependencies": {
        "@collectable/red-black-tree": "^5.1.1",
        "events": "^3.3.0",
        "pouchdb-find": "^7.3.0"
      }
    },
    "node_modules/tough-cookie": {
      "version": "4.0.0",
      "resolved": "https://registry.npmjs.org/tough-cookie/-/tough-cookie-4.0.0.tgz",
      "integrity": "sha512-tHdtEpQCMrc1YLrMaqXXcj6AxhYi/xgit6mZu1+EDWUn+qhUf8wMQoFIy9NXuq23zAwtcB0t/MjACGR18pcRbg==",
      "dependencies": {
        "psl": "^1.1.33",
        "punycode": "^2.1.1",
        "universalify": "^0.1.2"
      },
      "engines": {
        "node": ">=6"
      }
    },
    "node_modules/tr46": {
      "version": "0.0.3",
      "resolved": "https://registry.npmjs.org/tr46/-/tr46-0.0.3.tgz",
      "integrity": "sha512-N3WMsuqV66lT30CrXNbEjx4GEwlow3v6rr4mCcv6prnfwhS01rkgyFdjPNBYd9br7LpXV1+Emh01fHnq2Gdgrw=="
    },
    "node_modules/universalify": {
      "version": "0.1.2",
      "resolved": "https://registry.npmjs.org/universalify/-/universalify-0.1.2.tgz",
      "integrity": "sha512-rBJeI5CXAlmy1pV+617WB9J63U6XcazHHF2f2dbJix4XzpUF0RS3Zbj0FGIOCAva5P/d/GBOYaACQ1w+0azUkg==",
      "engines": {
        "node": ">= 4.0.0"
      }
    },
    "node_modules/uuid": {
      "version": "3.4.0",
      "resolved": "https://registry.npmjs.org/uuid/-/uuid-3.4.0.tgz",
      "integrity": "sha512-HjSDRw6gZE5JMggctHBcjVak08+KEVhSIiDzFnT9S9aegmp85S/bReBVTb4QTFaRNptJ9kuYaNhnbNEOkbKb/A==",
      "deprecated": "Please upgrade  to version 7 or higher.  Older versions may use Math.random() in certain circumstances, which is known to be problematic.  See https://v8.dev/blog/math-random for details.",
      "bin": {
        "uuid": "bin/uuid"
      }
    },
    "node_modules/webidl-conversions": {
      "version": "3.0.1",
      "resolved": "https://registry.npmjs.org/webidl-conversions/-/webidl-conversions-3.0.1.tgz",
      "integrity": "sha512-2JAn3z8AR6rjK8Sm8orRC0h/bcl/DqL7tRPdGZ4I1CjdF+EaMLmYxBHyXuKL849eucPFhvBoxMsflfOb8kxaeQ=="
    },
    "node_modules/whatwg-url": {
      "version": "5.0.0",
      "resolved": "https://registry.npmjs.org/whatwg-url/-/whatwg-url-5.0.0.tgz",
      "integrity": "sha512-saE57nupxk6v3HY35+jzBwYa0rKSy0XR8JSxZPwgLr7ys0IBzhGviA1/TUGJLmSVqs8pb9AnvICXEuOHLprYTw==",
      "dependencies": {
        "tr46": "~0.0.3",
        "webidl-conversions": "^3.0.0"
      }
    },
    "node_modules/wrappy": {
      "version": "1.0.2",
      "resolved": "https://registry.npmjs.org/wrappy/-/wrappy-1.0.2.tgz",
      "integrity": "sha1-tSQ9jz7BqjXxNkYFvA0QNuMKtp8="
    }
  },
  "dependencies": {
    "@collectable/core": {
      "version": "5.0.1",
      "resolved": "https://registry.npmjs.org/@collectable/core/-/core-5.0.1.tgz",
      "integrity": "sha1-826kZ2sx1hloG/roEFxBFMIFZj0=",
      "requires": {
        "@frptools/corelib": "^1.1.0",
        "@frptools/structural": "^1.0.0"
      }
    },
    "@collectable/red-black-tree": {
      "version": "5.1.1",
      "resolved": "https://registry.npmjs.org/@collectable/red-black-tree/-/red-black-tree-5.1.1.tgz",
      "integrity": "sha512-xAjh0RKBIcXachRTMCySskheqKfRFn+zuW3SUCqeg4roj00w/3kPeEKor6fHHrcIfk/QAiyVAL8oMkpItr8nzQ==",
      "requires": {
        "@collectable/core": "^5.0.1"
      }
    },
    "@frptools/corelib": {
      "version": "1.1.1",
      "resolved": "https://registry.npmjs.org/@frptools/corelib/-/corelib-1.1.1.tgz",
      "integrity": "sha512-gOIC237EXD0dv37echeD8KJDUY6t2pNBRDkozgbtHdsYQBrWdlsoTLbCP2JqeTMN/dbjcNyJb0zi3PBOjx4OKQ==",
      "requires": {
        "date-fns": "^1.28.5",
        "glob": "^7.1.2",
        "uuid": "^3.1.0"
      }
    },
    "@frptools/structural": {
      "version": "1.0.2",
      "resolved": "https://registry.npmjs.org/@frptools/structural/-/structural-1.0.2.tgz",
      "integrity": "sha512-7p27N6rihBvvpy730jzET0y2w+m98uVtP5xaqxqtRsY68z4hbp4g76B7pkWkGvE0Ns1jc8Lf/yMj+9Hn1KRXeQ==",
      "requires": {
        "@frptools/corelib": "^1.1.1"
      }
    },
    "@types/three": {
      "version": "0.137.0",
      "resolved": "https://registry.npmjs.org/@types/three/-/three-0.137.0.tgz",
      "integrity": "sha512-Xc5EAlfYmgrCLI/VlSVqiRJAtzhWF0Rw2jSq48nqJy+Hcb5sfDOXyfZn1+RNcHyi9l8CeCAXCZygO8IyeOJVEA=="
    },
    "@types/web-bluetooth": {
      "version": "0.0.12",
      "resolved": "https://registry.npmjs.org/@types/web-bluetooth/-/web-bluetooth-0.0.12.tgz",
      "integrity": "sha512-Q4sUrowpylCOWjUWFtNwkNBHQUnCL8y44Iq2ZLtVMAuAGIwPSXa3kqIvu2LwXoc2d1jyaaw4Bg354degHrsADw=="
    },
    "abort-controller": {
      "version": "3.0.0",
      "resolved": "https://registry.npmjs.org/abort-controller/-/abort-controller-3.0.0.tgz",
      "integrity": "sha512-h8lQ8tacZYnR3vNQTgibj+tODHI5/+l06Au2Pcriv/Gmet0eaj4TwWH41sO9wnHDiQsEj19q0drzdWdeAHtweg==",
      "requires": {
        "event-target-shim": "^5.0.0"
      }
    },
    "argsarray": {
      "version": "0.0.1",
      "resolved": "https://registry.npmjs.org/argsarray/-/argsarray-0.0.1.tgz",
      "integrity": "sha512-u96dg2GcAKtpTrBdDoFIM7PjcBA+6rSP0OR94MOReNRyUECL6MtQt5XXmRr4qrftYaef9+l5hcpO5te7sML1Cg=="
    },
    "balanced-match": {
      "version": "1.0.2",
      "resolved": "https://registry.npmjs.org/balanced-match/-/balanced-match-1.0.2.tgz",
      "integrity": "sha512-3oSeUO0TMV67hN1AmbXsK4yaqU7tjiHlbxRDZOpH0KW9+CeX4bRAaX0Anxt0tx2MrpRpWwQaPwIlISEJhYU5Pw=="
    },
    "barely-a-dev-server": {
      "version": "0.2.6",
      "resolved": "https://registry.npmjs.org/barely-a-dev-server/-/barely-a-dev-server-0.2.6.tgz",
      "integrity": "sha512-FkV/88WVFNXbd4OGyS1Y38o615l+JbqGcU693ySr4vmoqHjj5HGKAz5lh0Gchvl3IKMvXUsvMPuxLOXLJIEthA==",
      "dev": true,
      "requires": {
        "esbuild": "^0.13.4"
      }
    },
    "brace-expansion": {
      "version": "1.1.11",
      "resolved": "https://registry.npmjs.org/brace-expansion/-/brace-expansion-1.1.11.tgz",
      "integrity": "sha512-iCuPHDFgrHX7H2vEI/5xpz07zSHB00TpugqhmYtVmMO6518mCuRMoOYFldEBl0g187ufozdaHgWKcYFb61qGiA==",
      "requires": {
        "balanced-match": "^1.0.0",
        "concat-map": "0.0.1"
      }
    },
    "buffer-from": {
      "version": "1.1.2",
      "resolved": "https://registry.npmjs.org/buffer-from/-/buffer-from-1.1.2.tgz",
      "integrity": "sha512-E+XQCRwSbaaiChtv6k6Dwgc+bx+Bs6vuKJHHl5kox/BaKbhiXzqQOwK4cO22yElGp2OCmjwVhT3HmxgyPGnJfQ=="
    },
    "clone-buffer": {
      "version": "1.0.0",
      "resolved": "https://registry.npmjs.org/clone-buffer/-/clone-buffer-1.0.0.tgz",
      "integrity": "sha512-KLLTJWrvwIP+OPfMn0x2PheDEP20RPUcGXj/ERegTgdmPEZylALQldygiqrPPu8P45uNuPs7ckmReLY6v/iA5g=="
    },
    "comlink": {
      "version": "4.3.1",
      "resolved": "https://registry.npmjs.org/comlink/-/comlink-4.3.1.tgz",
      "integrity": "sha512-+YbhUdNrpBZggBAHWcgQMLPLH1KDF3wJpeqrCKieWQ8RL7atmgsgTQko1XEBK6PsecfopWNntopJ+ByYG1lRaA=="
    },
    "concat-map": {
      "version": "0.0.1",
      "resolved": "https://registry.npmjs.org/concat-map/-/concat-map-0.0.1.tgz",
      "integrity": "sha1-2Klr13/Wjfd5OnMDajug1UBdR3s="
    },
    "cubing": {
      "version": "0.26.3",
      "resolved": "https://registry.npmjs.org/cubing/-/cubing-0.26.3.tgz",
      "integrity": "sha512-uw/lDiUoBTpULhYOlneohpAlqdXRvII7ngzA99sDC0oKVuLv0JQ4nW5SdKPK/Op/jzAOU0P0NYA9WF0vyrhodQ==",
      "requires": {
        "@types/three": "^0.137.0",
        "@types/web-bluetooth": "^0.0.12",
        "comlink": "^4.3.1",
        "three": "^0.137.5"
      }
    },
    "date-fns": {
      "version": "1.30.1",
      "resolved": "https://registry.npmjs.org/date-fns/-/date-fns-1.30.1.tgz",
      "integrity": "sha512-hBSVCvSmWC+QypYObzwGOd9wqdDpOt+0wl0KbU+R+uuZBS1jN8VsD1ss3irQDknRj5NvxiTF6oj/nDRnN/UQNw=="
    },
    "esbuild": {
      "version": "0.13.15",
      "resolved": "https://registry.npmjs.org/esbuild/-/esbuild-0.13.15.tgz",
      "integrity": "sha512-raCxt02HBKv8RJxE8vkTSCXGIyKHdEdGfUmiYb8wnabnaEmHzyW7DCHb5tEN0xU8ryqg5xw54mcwnYkC4x3AIw==",
      "dev": true,
      "requires": {
        "esbuild-android-arm64": "0.13.15",
        "esbuild-darwin-64": "0.13.15",
        "esbuild-darwin-arm64": "0.13.15",
        "esbuild-freebsd-64": "0.13.15",
        "esbuild-freebsd-arm64": "0.13.15",
        "esbuild-linux-32": "0.13.15",
        "esbuild-linux-64": "0.13.15",
        "esbuild-linux-arm": "0.13.15",
        "esbuild-linux-arm64": "0.13.15",
        "esbuild-linux-mips64le": "0.13.15",
        "esbuild-linux-ppc64le": "0.13.15",
        "esbuild-netbsd-64": "0.13.15",
        "esbuild-openbsd-64": "0.13.15",
        "esbuild-sunos-64": "0.13.15",
        "esbuild-windows-32": "0.13.15",
        "esbuild-windows-64": "0.13.15",
        "esbuild-windows-arm64": "0.13.15"
      }
    },
    "esbuild-android-arm64": {
      "version": "0.13.15",
      "resolved": "https://registry.npmjs.org/esbuild-android-arm64/-/esbuild-android-arm64-0.13.15.tgz",
      "integrity": "sha512-m602nft/XXeO8YQPUDVoHfjyRVPdPgjyyXOxZ44MK/agewFFkPa8tUo6lAzSWh5Ui5PB4KR9UIFTSBKh/RrCmg==",
      "dev": true,
      "optional": true
    },
    "esbuild-darwin-64": {
      "version": "0.13.15",
      "resolved": "https://registry.npmjs.org/esbuild-darwin-64/-/esbuild-darwin-64-0.13.15.tgz",
      "integrity": "sha512-ihOQRGs2yyp7t5bArCwnvn2Atr6X4axqPpEdCFPVp7iUj4cVSdisgvEKdNR7yH3JDjW6aQDw40iQFoTqejqxvQ==",
      "dev": true,
      "optional": true
    },
    "esbuild-darwin-arm64": {
      "version": "0.13.15",
      "resolved": "https://registry.npmjs.org/esbuild-darwin-arm64/-/esbuild-darwin-arm64-0.13.15.tgz",
      "integrity": "sha512-i1FZssTVxUqNlJ6cBTj5YQj4imWy3m49RZRnHhLpefFIh0To05ow9DTrXROTE1urGTQCloFUXTX8QfGJy1P8dQ==",
      "dev": true,
      "optional": true
    },
    "esbuild-freebsd-64": {
      "version": "0.13.15",
      "resolved": "https://registry.npmjs.org/esbuild-freebsd-64/-/esbuild-freebsd-64-0.13.15.tgz",
      "integrity": "sha512-G3dLBXUI6lC6Z09/x+WtXBXbOYQZ0E8TDBqvn7aMaOCzryJs8LyVXKY4CPnHFXZAbSwkCbqiPuSQ1+HhrNk7EA==",
      "dev": true,
      "optional": true
    },
    "esbuild-freebsd-arm64": {
      "version": "0.13.15",
      "resolved": "https://registry.npmjs.org/esbuild-freebsd-arm64/-/esbuild-freebsd-arm64-0.13.15.tgz",
      "integrity": "sha512-KJx0fzEDf1uhNOZQStV4ujg30WlnwqUASaGSFPhznLM/bbheu9HhqZ6mJJZM32lkyfGJikw0jg7v3S0oAvtvQQ==",
      "dev": true,
      "optional": true
    },
    "esbuild-linux-32": {
      "version": "0.13.15",
      "resolved": "https://registry.npmjs.org/esbuild-linux-32/-/esbuild-linux-32-0.13.15.tgz",
      "integrity": "sha512-ZvTBPk0YWCLMCXiFmD5EUtB30zIPvC5Itxz0mdTu/xZBbbHJftQgLWY49wEPSn2T/TxahYCRDWun5smRa0Tu+g==",
      "dev": true,
      "optional": true
    },
    "esbuild-linux-64": {
      "version": "0.13.15",
      "resolved": "https://registry.npmjs.org/esbuild-linux-64/-/esbuild-linux-64-0.13.15.tgz",
      "integrity": "sha512-eCKzkNSLywNeQTRBxJRQ0jxRCl2YWdMB3+PkWFo2BBQYC5mISLIVIjThNtn6HUNqua1pnvgP5xX0nHbZbPj5oA==",
      "dev": true,
      "optional": true
    },
    "esbuild-linux-arm": {
      "version": "0.13.15",
      "resolved": "https://registry.npmjs.org/esbuild-linux-arm/-/esbuild-linux-arm-0.13.15.tgz",
      "integrity": "sha512-wUHttDi/ol0tD8ZgUMDH8Ef7IbDX+/UsWJOXaAyTdkT7Yy9ZBqPg8bgB/Dn3CZ9SBpNieozrPRHm0BGww7W/jA==",
      "dev": true,
      "optional": true
    },
    "esbuild-linux-arm64": {
      "version": "0.13.15",
      "resolved": "https://registry.npmjs.org/esbuild-linux-arm64/-/esbuild-linux-arm64-0.13.15.tgz",
      "integrity": "sha512-bYpuUlN6qYU9slzr/ltyLTR9YTBS7qUDymO8SV7kjeNext61OdmqFAzuVZom+OLW1HPHseBfJ/JfdSlx8oTUoA==",
      "dev": true,
      "optional": true
    },
    "esbuild-linux-mips64le": {
      "version": "0.13.15",
      "resolved": "https://registry.npmjs.org/esbuild-linux-mips64le/-/esbuild-linux-mips64le-0.13.15.tgz",
      "integrity": "sha512-KlVjIG828uFPyJkO/8gKwy9RbXhCEUeFsCGOJBepUlpa7G8/SeZgncUEz/tOOUJTcWMTmFMtdd3GElGyAtbSWg==",
      "dev": true,
      "optional": true
    },
    "esbuild-linux-ppc64le": {
      "version": "0.13.15",
      "resolved": "https://registry.npmjs.org/esbuild-linux-ppc64le/-/esbuild-linux-ppc64le-0.13.15.tgz",
      "integrity": "sha512-h6gYF+OsaqEuBjeesTBtUPw0bmiDu7eAeuc2OEH9S6mV9/jPhPdhOWzdeshb0BskRZxPhxPOjqZ+/OqLcxQwEQ==",
      "dev": true,
      "optional": true
    },
    "esbuild-netbsd-64": {
      "version": "0.13.15",
      "resolved": "https://registry.npmjs.org/esbuild-netbsd-64/-/esbuild-netbsd-64-0.13.15.tgz",
      "integrity": "sha512-3+yE9emwoevLMyvu+iR3rsa+Xwhie7ZEHMGDQ6dkqP/ndFzRHkobHUKTe+NCApSqG5ce2z4rFu+NX/UHnxlh3w==",
      "dev": true,
      "optional": true
    },
    "esbuild-openbsd-64": {
      "version": "0.13.15",
      "resolved": "https://registry.npmjs.org/esbuild-openbsd-64/-/esbuild-openbsd-64-0.13.15.tgz",
      "integrity": "sha512-wTfvtwYJYAFL1fSs8yHIdf5GEE4NkbtbXtjLWjM3Cw8mmQKqsg8kTiqJ9NJQe5NX/5Qlo7Xd9r1yKMMkHllp5g==",
      "dev": true,
      "optional": true
    },
    "esbuild-sunos-64": {
      "version": "0.13.15",
      "resolved": "https://registry.npmjs.org/esbuild-sunos-64/-/esbuild-sunos-64-0.13.15.tgz",
      "integrity": "sha512-lbivT9Bx3t1iWWrSnGyBP9ODriEvWDRiweAs69vI+miJoeKwHWOComSRukttbuzjZ8r1q0mQJ8Z7yUsDJ3hKdw==",
      "dev": true,
      "optional": true
    },
    "esbuild-windows-32": {
      "version": "0.13.15",
      "resolved": "https://registry.npmjs.org/esbuild-windows-32/-/esbuild-windows-32-0.13.15.tgz",
      "integrity": "sha512-fDMEf2g3SsJ599MBr50cY5ve5lP1wyVwTe6aLJsM01KtxyKkB4UT+fc5MXQFn3RLrAIAZOG+tHC+yXObpSn7Nw==",
      "dev": true,
      "optional": true
    },
    "esbuild-windows-64": {
      "version": "0.13.15",
      "resolved": "https://registry.npmjs.org/esbuild-windows-64/-/esbuild-windows-64-0.13.15.tgz",
      "integrity": "sha512-9aMsPRGDWCd3bGjUIKG/ZOJPKsiztlxl/Q3C1XDswO6eNX/Jtwu4M+jb6YDH9hRSUflQWX0XKAfWzgy5Wk54JQ==",
      "dev": true,
      "optional": true
    },
    "esbuild-windows-arm64": {
      "version": "0.13.15",
      "resolved": "https://registry.npmjs.org/esbuild-windows-arm64/-/esbuild-windows-arm64-0.13.15.tgz",
      "integrity": "sha512-zzvyCVVpbwQQATaf3IG8mu1IwGEiDxKkYUdA4FpoCHi1KtPa13jeScYDjlW0Qh+ebWzpKfR2ZwvqAQkSWNcKjA==",
      "dev": true,
      "optional": true
    },
    "event-target-shim": {
      "version": "5.0.1",
      "resolved": "https://registry.npmjs.org/event-target-shim/-/event-target-shim-5.0.1.tgz",
      "integrity": "sha512-i/2XbnSz/uxRCU6+NdVJgKWDTM427+MqYbkQzD321DuCQJUqOuJKIA0IM2+W2xtYHdKOmZ4dR6fExsd4SXL+WQ=="
    },
    "events": {
      "version": "3.3.0",
      "resolved": "https://registry.npmjs.org/events/-/events-3.3.0.tgz",
      "integrity": "sha512-mQw+2fkQbALzQ7V0MY0IqdnXNOeTtP4r0lN9z7AAawCXgqea7bDii20AYrIBrFd/Hx0M2Ocz6S111CaFkUcb0Q=="
    },
    "fetch-cookie": {
      "version": "0.11.0",
      "resolved": "https://registry.npmjs.org/fetch-cookie/-/fetch-cookie-0.11.0.tgz",
      "integrity": "sha512-BQm7iZLFhMWFy5CZ/162sAGjBfdNWb7a8LEqqnzsHFhxT/X/SVj/z2t2nu3aJvjlbQkrAlTUApplPRjWyH4mhA==",
      "requires": {
        "tough-cookie": "^2.3.3 || ^3.0.1 || ^4.0.0"
      }
    },
    "fs.realpath": {
      "version": "1.0.0",
      "resolved": "https://registry.npmjs.org/fs.realpath/-/fs.realpath-1.0.0.tgz",
      "integrity": "sha1-FQStJSMVjKpA20onh8sBQRmU6k8="
    },
    "glob": {
      "version": "7.2.0",
      "resolved": "https://registry.npmjs.org/glob/-/glob-7.2.0.tgz",
      "integrity": "sha512-lmLf6gtyrPq8tTjSmrO94wBeQbFR3HbLHbuyD69wuyQkImp2hWqMGB47OX65FBkPffO641IP9jWa1z4ivqG26Q==",
      "requires": {
        "fs.realpath": "^1.0.0",
        "inflight": "^1.0.4",
        "inherits": "2",
        "minimatch": "^3.0.4",
        "once": "^1.3.0",
        "path-is-absolute": "^1.0.0"
      }
    },
    "immediate": {
      "version": "3.3.0",
      "resolved": "https://registry.npmjs.org/immediate/-/immediate-3.3.0.tgz",
      "integrity": "sha512-HR7EVodfFUdQCTIeySw+WDRFJlPcLOJbXfwwZ7Oom6tjsvZ3bOkCDJHehQC3nxJrv7+f9XecwazynjU8e4Vw3Q=="
    },
    "inflight": {
      "version": "1.0.6",
      "resolved": "https://registry.npmjs.org/inflight/-/inflight-1.0.6.tgz",
      "integrity": "sha1-Sb1jMdfQLQwJvJEKEHW6gWW1bfk=",
      "requires": {
        "once": "^1.3.0",
        "wrappy": "1"
      }
    },
    "inherits": {
      "version": "2.0.4",
      "resolved": "https://registry.npmjs.org/inherits/-/inherits-2.0.4.tgz",
      "integrity": "sha512-k/vGaX4/Yla3WzyMCvTQOXYeIHvqOKtnqBduzTHpzpQZzAskKMhZ2K+EnBiSM9zGSoIFeMpXKxa4dYeZIQqewQ=="
    },
    "minimatch": {
      "version": "3.0.4",
      "resolved": "https://registry.npmjs.org/minimatch/-/minimatch-3.0.4.tgz",
      "integrity": "sha512-yJHVQEhyqPLUTgt9B83PXu6W3rx4MvvHvSUvToogpwoGDOUQ+yDrR0HRot+yOCdCO7u4hX3pWft6kWBBcqh0UA==",
      "requires": {
        "brace-expansion": "^1.1.7"
      }
    },
    "node-fetch": {
      "version": "2.6.7",
      "resolved": "https://registry.npmjs.org/node-fetch/-/node-fetch-2.6.7.tgz",
      "integrity": "sha512-ZjMPFEfVx5j+y2yF35Kzx5sF7kDzxuDj6ziH4FFbOp87zKDZNx8yExJIb05OGF4Nlt9IHFIMBkRl41VdvcNdbQ==",
      "requires": {
        "whatwg-url": "^5.0.0"
      }
    },
    "once": {
      "version": "1.4.0",
      "resolved": "https://registry.npmjs.org/once/-/once-1.4.0.tgz",
      "integrity": "sha1-WDsap3WWHUsROsF9nFC6753Xa9E=",
      "requires": {
        "wrappy": "1"
      }
    },
    "path-is-absolute": {
      "version": "1.0.1",
      "resolved": "https://registry.npmjs.org/path-is-absolute/-/path-is-absolute-1.0.1.tgz",
      "integrity": "sha1-F0uSaHNVNP+8es5r9TpanhtcX18="
    },
    "pouchdb-abstract-mapreduce": {
      "version": "7.3.0",
      "resolved": "https://registry.npmjs.org/pouchdb-abstract-mapreduce/-/pouchdb-abstract-mapreduce-7.3.0.tgz",
      "integrity": "sha512-+2fVt3SDh7D776lIGbYZOsKX5js1aUyUw7iJaTGitxSdQ2ObWSTrr3SUrj5Qo1CkgPXwRM3Tdoq/53JYAa2qCA==",
      "requires": {
        "pouchdb-binary-utils": "7.3.0",
        "pouchdb-collate": "7.3.0",
        "pouchdb-collections": "7.3.0",
        "pouchdb-errors": "7.3.0",
        "pouchdb-fetch": "7.3.0",
        "pouchdb-mapreduce-utils": "7.3.0",
        "pouchdb-md5": "7.3.0",
        "pouchdb-utils": "7.3.0"
      }
    },
    "pouchdb-binary-utils": {
      "version": "7.3.0",
      "resolved": "https://registry.npmjs.org/pouchdb-binary-utils/-/pouchdb-binary-utils-7.3.0.tgz",
      "integrity": "sha512-xvBH/XGHGcou2vkEzszJxkCc7YElfRUrkLUg51Jbdmh1mogLDUO0bU3Tj6TOIIJfRkQrU/HV+dDkMAhsil0amQ==",
      "requires": {
        "buffer-from": "1.1.2"
      }
    },
    "pouchdb-collate": {
      "version": "7.3.0",
      "resolved": "https://registry.npmjs.org/pouchdb-collate/-/pouchdb-collate-7.3.0.tgz",
      "integrity": "sha512-ys7rXKtEr6cfghgUjknwFJiOkITebV6JmeTybJKCzMV0r2luXu0OoPQsKVpE/wbM/3F5LxfpbFKGFpPcfGMvTA=="
    },
    "pouchdb-collections": {
      "version": "7.3.0",
      "resolved": "https://registry.npmjs.org/pouchdb-collections/-/pouchdb-collections-7.3.0.tgz",
      "integrity": "sha512-Xr54m2+fErShXn+qAT4xwqJ+8NwddNPeTMJT4z4k1sZsrwfHmZsWbsKAyGPMF04eQaaU+7DDRMciu2VzaBUXyg=="
    },
    "pouchdb-errors": {
      "version": "7.3.0",
      "resolved": "https://registry.npmjs.org/pouchdb-errors/-/pouchdb-errors-7.3.0.tgz",
      "integrity": "sha512-dTBbIC1BbCy6J9W/Csg5xROgb3wJN3HpbgAJHHSEtAkb8oA45KZmU3ZwEpNhf0AfPuQm4XgW1936PvlDlGgJiw==",
      "requires": {
        "inherits": "2.0.4"
      }
    },
    "pouchdb-fetch": {
      "version": "7.3.0",
      "resolved": "https://registry.npmjs.org/pouchdb-fetch/-/pouchdb-fetch-7.3.0.tgz",
      "integrity": "sha512-8/lcg8iMDG+GVs1dHNXA4ktJSEpH71dHU3xesMJ25tNQOqfAaaWrkfz9j71ZYDDkveLYE6UjUzl/sDacu2hSjw==",
      "requires": {
        "abort-controller": "3.0.0",
        "fetch-cookie": "0.11.0",
        "node-fetch": "2.6.7"
      }
    },
    "pouchdb-find": {
      "version": "7.3.0",
      "resolved": "https://registry.npmjs.org/pouchdb-find/-/pouchdb-find-7.3.0.tgz",
      "integrity": "sha512-EwhnfyxCAkKf8PG4tfndTTygEmtuz+o1LiZkxfPrflfXA3m1jo1ithib0hwBYtEwEYWuZxH6B8pRZutbLoQCGA==",
      "requires": {
        "pouchdb-abstract-mapreduce": "7.3.0",
        "pouchdb-collate": "7.3.0",
        "pouchdb-errors": "7.3.0",
        "pouchdb-fetch": "7.3.0",
        "pouchdb-md5": "7.3.0",
        "pouchdb-selector-core": "7.3.0",
        "pouchdb-utils": "7.3.0"
      }
    },
    "pouchdb-mapreduce-utils": {
      "version": "7.3.0",
      "resolved": "https://registry.npmjs.org/pouchdb-mapreduce-utils/-/pouchdb-mapreduce-utils-7.3.0.tgz",
      "integrity": "sha512-KDVSd+H2r+XWTrQfKWV71SknDDYRjYXoeWs0ZQl3xITHCcTl+fIgqyagg/XN+Zy/U9LeLPGMe2JdgPx9H8lJgw==",
      "requires": {
        "argsarray": "0.0.1",
        "inherits": "2.0.4",
        "pouchdb-collections": "7.3.0",
        "pouchdb-utils": "7.3.0"
      }
    },
    "pouchdb-md5": {
      "version": "7.3.0",
      "resolved": "https://registry.npmjs.org/pouchdb-md5/-/pouchdb-md5-7.3.0.tgz",
      "integrity": "sha512-wL04QgoKyd/L/TV5gxgcvlEyCJiZoXCOEFJklTzkdza/kBQNJGPH7i0ZhKa7Sb+AvZYoWZHddf1Zgv7rBScHkA==",
      "requires": {
        "pouchdb-binary-utils": "7.3.0",
        "spark-md5": "3.0.2"
      }
    },
    "pouchdb-selector-core": {
      "version": "7.3.0",
      "resolved": "https://registry.npmjs.org/pouchdb-selector-core/-/pouchdb-selector-core-7.3.0.tgz",
      "integrity": "sha512-sK/cCrIGeL9ImcMhKGcwa54+bzX7Wv4hhVV+oUW3T1Nasaoxh+Muem1GuA+x1+SbTCE8y37rUg8i6DIOhX51ew==",
      "requires": {
        "pouchdb-collate": "7.3.0",
        "pouchdb-utils": "7.3.0"
      }
    },
    "pouchdb-utils": {
      "version": "7.3.0",
      "resolved": "https://registry.npmjs.org/pouchdb-utils/-/pouchdb-utils-7.3.0.tgz",
      "integrity": "sha512-HH+5IXXWn/ZgVCSnrlydBMYn6MabT7RS7SNoo9w8qVH9efpZSp3eLchw6yMQNLw8LQefWmbbskiHV9VgJmSVWQ==",
      "requires": {
        "argsarray": "0.0.1",
        "clone-buffer": "1.0.0",
        "immediate": "3.3.0",
        "inherits": "2.0.4",
        "pouchdb-collections": "7.3.0",
        "pouchdb-errors": "7.3.0",
        "pouchdb-md5": "7.3.0",
        "uuid": "8.3.2"
      },
      "dependencies": {
        "uuid": {
          "version": "8.3.2",
          "resolved": "https://registry.npmjs.org/uuid/-/uuid-8.3.2.tgz",
          "integrity": "sha512-+NYs2QeMWy+GWFOEm9xnn6HCDp0l7QBD7ml8zLUmJ+93Q5NF0NocErnwkTkXVFNiX3/fpC6afS8Dhb/gz7R7eg=="
        }
      }
    },
    "psl": {
      "version": "1.8.0",
      "resolved": "https://registry.npmjs.org/psl/-/psl-1.8.0.tgz",
      "integrity": "sha512-RIdOzyoavK+hA18OGGWDqUTsCLhtA7IcZ/6NCs4fFJaHBDab+pDDmDIByWFRQJq2Cd7r1OoQxBGKOaztq+hjIQ=="
    },
    "punycode": {
      "version": "2.1.1",
      "resolved": "https://registry.npmjs.org/punycode/-/punycode-2.1.1.tgz",
      "integrity": "sha512-XRsRjdf+j5ml+y/6GKHPZbrF/8p2Yga0JPtdqTIY2Xe5ohJPD9saDJJLPvp9+NSBprVvevdXZybnj2cv8OEd0A=="
    },
    "spark-md5": {
      "version": "3.0.2",
      "resolved": "https://registry.npmjs.org/spark-md5/-/spark-md5-3.0.2.tgz",
      "integrity": "sha512-wcFzz9cDfbuqe0FZzfi2or1sgyIrsDwmPwfZC4hiNidPdPINjeUwNfv5kldczoEAcjl9Y1L3SM7Uz2PUEQzxQw=="
    },
    "three": {
      "version": "0.137.5",
      "resolved": "https://registry.npmjs.org/three/-/three-0.137.5.tgz",
      "integrity": "sha512-rTyr+HDFxjnN8+N/guZjDgfVxgHptZQpf6xfL/Mo7a5JYIFwK6tAq3bzxYYB4Ae0RosDZlDuP+X5aXDXz+XnHQ=="
    },
    "timer-db": {
      "version": "0.1.0-pre2",
      "resolved": "https://registry.npmjs.org/timer-db/-/timer-db-0.1.0-pre2.tgz",
      "integrity": "sha512-uJH64SGoqzvSoVLR6oG3yHT21ygGPJkAJiHyUaEXh+paYMeBDj4cUOlrnuaINeiJVTqg4OQItliE3QBe+k9Ydg==",
      "requires": {
        "@collectable/red-black-tree": "^5.1.1",
        "events": "^3.3.0",
        "pouchdb-find": "^7.3.0"
      }
    },
    "tough-cookie": {
      "version": "4.0.0",
      "resolved": "https://registry.npmjs.org/tough-cookie/-/tough-cookie-4.0.0.tgz",
      "integrity": "sha512-tHdtEpQCMrc1YLrMaqXXcj6AxhYi/xgit6mZu1+EDWUn+qhUf8wMQoFIy9NXuq23zAwtcB0t/MjACGR18pcRbg==",
      "requires": {
        "psl": "^1.1.33",
        "punycode": "^2.1.1",
        "universalify": "^0.1.2"
      }
    },
    "tr46": {
      "version": "0.0.3",
      "resolved": "https://registry.npmjs.org/tr46/-/tr46-0.0.3.tgz",
      "integrity": "sha512-N3WMsuqV66lT30CrXNbEjx4GEwlow3v6rr4mCcv6prnfwhS01rkgyFdjPNBYd9br7LpXV1+Emh01fHnq2Gdgrw=="
    },
    "universalify": {
      "version": "0.1.2",
      "resolved": "https://registry.npmjs.org/universalify/-/universalify-0.1.2.tgz",
      "integrity": "sha512-rBJeI5CXAlmy1pV+617WB9J63U6XcazHHF2f2dbJix4XzpUF0RS3Zbj0FGIOCAva5P/d/GBOYaACQ1w+0azUkg=="
    },
    "uuid": {
      "version": "3.4.0",
      "resolved": "https://registry.npmjs.org/uuid/-/uuid-3.4.0.tgz",
      "integrity": "sha512-HjSDRw6gZE5JMggctHBcjVak08+KEVhSIiDzFnT9S9aegmp85S/bReBVTb4QTFaRNptJ9kuYaNhnbNEOkbKb/A=="
    },
    "webidl-conversions": {
      "version": "3.0.1",
      "resolved": "https://registry.npmjs.org/webidl-conversions/-/webidl-conversions-3.0.1.tgz",
      "integrity": "sha512-2JAn3z8AR6rjK8Sm8orRC0h/bcl/DqL7tRPdGZ4I1CjdF+EaMLmYxBHyXuKL849eucPFhvBoxMsflfOb8kxaeQ=="
    },
    "whatwg-url": {
      "version": "5.0.0",
      "resolved": "https://registry.npmjs.org/whatwg-url/-/whatwg-url-5.0.0.tgz",
      "integrity": "sha512-saE57nupxk6v3HY35+jzBwYa0rKSy0XR8JSxZPwgLr7ys0IBzhGviA1/TUGJLmSVqs8pb9AnvICXEuOHLprYTw==",
      "requires": {
        "tr46": "~0.0.3",
        "webidl-conversions": "^3.0.0"
      }
    },
    "wrappy": {
      "version": "1.0.2",
      "resolved": "https://registry.npmjs.org/wrappy/-/wrappy-1.0.2.tgz",
      "integrity": "sha1-tSQ9jz7BqjXxNkYFvA0QNuMKtp8="
    }
  }
}
